// !$*UTF8*$!
{
	archiveVersion = 1;
	classes = {
	};
	objectVersion = 50;
	objects = {

/* Begin PBXBuildFile section */
		393FD9F721132B6F00909225 /* Settings.swift in Sources */ = {isa = PBXBuildFile; fileRef = 393FD9DC21132B6F00909225 /* Settings.swift */; };
		393FD9F821132B6F00909225 /* NavigationToolbar.h in Headers */ = {isa = PBXBuildFile; fileRef = 393FD9DE21132B6F00909225 /* NavigationToolbar.h */; settings = {ATTRIBUTES = (Public, ); }; };
		393FD9FA21132B6F00909225 /* ScreenObject.swift in Sources */ = {isa = PBXBuildFile; fileRef = 393FD9E121132B6F00909225 /* ScreenObject.swift */; };
		393FD9FC21132B6F00909225 /* TopViewCells.swift in Sources */ = {isa = PBXBuildFile; fileRef = 393FD9E621132B6F00909225 /* TopViewCells.swift */; };
		393FD9FD21132B6F00909225 /* TopViewCollectionLayout.swift in Sources */ = {isa = PBXBuildFile; fileRef = 393FD9E721132B6F00909225 /* TopViewCollectionLayout.swift */; };
		393FD9FE21132B6F00909225 /* SizingView.swift in Sources */ = {isa = PBXBuildFile; fileRef = 393FD9E821132B6F00909225 /* SizingView.swift */; };
		393FD9FF21132B6F00909225 /* TopViewAnimators.swift in Sources */ = {isa = PBXBuildFile; fileRef = 393FD9E921132B6F00909225 /* TopViewAnimators.swift */; };
		393FDA0021132B6F00909225 /* TopView.swift in Sources */ = {isa = PBXBuildFile; fileRef = 393FD9EA21132B6F00909225 /* TopView.swift */; };
		393FDA0121132B6F00909225 /* CellView.swift in Sources */ = {isa = PBXBuildFile; fileRef = 393FD9EC21132B6F00909225 /* CellView.swift */; };
		393FDA0221132B6F00909225 /* FulllscreenView.swift in Sources */ = {isa = PBXBuildFile; fileRef = 393FD9ED21132B6F00909225 /* FulllscreenView.swift */; };
		393FDA0321132B6F00909225 /* LabelView.swift in Sources */ = {isa = PBXBuildFile; fileRef = 393FD9EE21132B6F00909225 /* LabelView.swift */; };
		393FDA0421132B6F00909225 /* BottomView.swift in Sources */ = {isa = PBXBuildFile; fileRef = 393FD9F021132B6F00909225 /* BottomView.swift */; };
		393FDA0521132B6F00909225 /* UIImage+gradient.swift in Sources */ = {isa = PBXBuildFile; fileRef = 393FD9F221132B6F00909225 /* UIImage+gradient.swift */; };
		393FDA0621132B6F00909225 /* Label.swift in Sources */ = {isa = PBXBuildFile; fileRef = 393FD9F421132B6F00909225 /* Label.swift */; };
		393FDA0721132B6F00909225 /* PanDirectionGestureRecognizer.swift in Sources */ = {isa = PBXBuildFile; fileRef = 393FD9F521132B6F00909225 /* PanDirectionGestureRecognizer.swift */; };
		393FDA0821132B6F00909225 /* NavigationView.swift in Sources */ = {isa = PBXBuildFile; fileRef = 393FD9F621132B6F00909225 /* NavigationView.swift */; };
/* End PBXBuildFile section */

/* Begin PBXFileReference section */
		393FD9CF21132AD000909225 /* NavigationToolbar.framework */ = {isa = PBXFileReference; explicitFileType = wrapper.framework; includeInIndex = 0; path = NavigationToolbar.framework; sourceTree = BUILT_PRODUCTS_DIR; };
		393FD9DC21132B6F00909225 /* Settings.swift */ = {isa = PBXFileReference; fileEncoding = 4; lastKnownFileType = sourcecode.swift; path = Settings.swift; sourceTree = "<group>"; };
		393FD9DE21132B6F00909225 /* NavigationToolbar.h */ = {isa = PBXFileReference; fileEncoding = 4; lastKnownFileType = sourcecode.c.h; path = NavigationToolbar.h; sourceTree = "<group>"; };
		393FD9DF21132B6F00909225 /* Info.plist */ = {isa = PBXFileReference; fileEncoding = 4; lastKnownFileType = text.plist.xml; path = Info.plist; sourceTree = "<group>"; };
		393FD9E121132B6F00909225 /* ScreenObject.swift */ = {isa = PBXFileReference; fileEncoding = 4; lastKnownFileType = sourcecode.swift; path = ScreenObject.swift; sourceTree = "<group>"; };
		393FD9E621132B6F00909225 /* TopViewCells.swift */ = {isa = PBXFileReference; fileEncoding = 4; lastKnownFileType = sourcecode.swift; path = TopViewCells.swift; sourceTree = "<group>"; };
		393FD9E721132B6F00909225 /* TopViewCollectionLayout.swift */ = {isa = PBXFileReference; fileEncoding = 4; lastKnownFileType = sourcecode.swift; path = TopViewCollectionLayout.swift; sourceTree = "<group>"; };
		393FD9E821132B6F00909225 /* SizingView.swift */ = {isa = PBXFileReference; fileEncoding = 4; lastKnownFileType = sourcecode.swift; path = SizingView.swift; sourceTree = "<group>"; };
		393FD9E921132B6F00909225 /* TopViewAnimators.swift */ = {isa = PBXFileReference; fileEncoding = 4; lastKnownFileType = sourcecode.swift; path = TopViewAnimators.swift; sourceTree = "<group>"; };
		393FD9EA21132B6F00909225 /* TopView.swift */ = {isa = PBXFileReference; fileEncoding = 4; lastKnownFileType = sourcecode.swift; path = TopView.swift; sourceTree = "<group>"; };
		393FD9EC21132B6F00909225 /* CellView.swift */ = {isa = PBXFileReference; fileEncoding = 4; lastKnownFileType = sourcecode.swift; path = CellView.swift; sourceTree = "<group>"; };
		393FD9ED21132B6F00909225 /* FulllscreenView.swift */ = {isa = PBXFileReference; fileEncoding = 4; lastKnownFileType = sourcecode.swift; path = FulllscreenView.swift; sourceTree = "<group>"; };
		393FD9EE21132B6F00909225 /* LabelView.swift */ = {isa = PBXFileReference; fileEncoding = 4; lastKnownFileType = sourcecode.swift; path = LabelView.swift; sourceTree = "<group>"; };
		393FD9F021132B6F00909225 /* BottomView.swift */ = {isa = PBXFileReference; fileEncoding = 4; lastKnownFileType = sourcecode.swift; path = BottomView.swift; sourceTree = "<group>"; };
		393FD9F221132B6F00909225 /* UIImage+gradient.swift */ = {isa = PBXFileReference; fileEncoding = 4; lastKnownFileType = sourcecode.swift; path = "UIImage+gradient.swift"; sourceTree = "<group>"; };
		393FD9F421132B6F00909225 /* Label.swift */ = {isa = PBXFileReference; fileEncoding = 4; lastKnownFileType = sourcecode.swift; path = Label.swift; sourceTree = "<group>"; };
		393FD9F521132B6F00909225 /* PanDirectionGestureRecognizer.swift */ = {isa = PBXFileReference; fileEncoding = 4; lastKnownFileType = sourcecode.swift; path = PanDirectionGestureRecognizer.swift; sourceTree = "<group>"; };
		393FD9F621132B6F00909225 /* NavigationView.swift */ = {isa = PBXFileReference; fileEncoding = 4; lastKnownFileType = sourcecode.swift; path = NavigationView.swift; sourceTree = "<group>"; };
/* End PBXFileReference section */

/* Begin PBXFrameworksBuildPhase section */
		393FD9CB21132AD000909225 /* Frameworks */ = {
			isa = PBXFrameworksBuildPhase;
			buildActionMask = 2147483647;
			files = (
			);
			runOnlyForDeploymentPostprocessing = 0;
		};
/* End PBXFrameworksBuildPhase section */

/* Begin PBXGroup section */
		393FD9C521132AD000909225 = {
			isa = PBXGroup;
			children = (
				393FD9DA21132B6F00909225 /* Sources */,
				393FD9D021132AD000909225 /* Products */,
			);
			sourceTree = "<group>";
		};
		393FD9D021132AD000909225 /* Products */ = {
			isa = PBXGroup;
			children = (
				393FD9CF21132AD000909225 /* NavigationToolbar.framework */,
			);
			name = Products;
			sourceTree = "<group>";
		};
		393FD9DA21132B6F00909225 /* Sources */ = {
			isa = PBXGroup;
			children = (
				393FD9F621132B6F00909225 /* NavigationView.swift */,
				393FD9DB21132B6F00909225 /* Settings */,
				393FD9E021132B6F00909225 /* Objects */,
				393FD9E221132B6F00909225 /* SubViews */,
				393FD9F121132B6F00909225 /* Extensions */,
				393FD9F321132B6F00909225 /* Components */,
				393FD9DE21132B6F00909225 /* NavigationToolbar.h */,
				393FD9DF21132B6F00909225 /* Info.plist */,
			);
			path = Sources;
			sourceTree = "<group>";
		};
		393FD9DB21132B6F00909225 /* Settings */ = {
			isa = PBXGroup;
			children = (
				393FD9DC21132B6F00909225 /* Settings.swift */,
			);
			path = Settings;
			sourceTree = "<group>";
		};
		393FD9E021132B6F00909225 /* Objects */ = {
			isa = PBXGroup;
			children = (
				393FD9E121132B6F00909225 /* ScreenObject.swift */,
			);
			path = Objects;
			sourceTree = "<group>";
		};
		393FD9E221132B6F00909225 /* SubViews */ = {
			isa = PBXGroup;
			children = (
				393FD9E521132B6F00909225 /* TopView */,
				393FD9EB21132B6F00909225 /* FullscreenView */,
				393FD9EF21132B6F00909225 /* BottomView */,
			);
			path = SubViews;
			sourceTree = "<group>";
		};
		393FD9E521132B6F00909225 /* TopView */ = {
			isa = PBXGroup;
			children = (
				393FD9E621132B6F00909225 /* TopViewCells.swift */,
				393FD9E721132B6F00909225 /* TopViewCollectionLayout.swift */,
				393FD9E821132B6F00909225 /* SizingView.swift */,
				393FD9E921132B6F00909225 /* TopViewAnimators.swift */,
				393FD9EA21132B6F00909225 /* TopView.swift */,
			);
			path = TopView;
			sourceTree = "<group>";
		};
		393FD9EB21132B6F00909225 /* FullscreenView */ = {
			isa = PBXGroup;
			children = (
				393FD9EC21132B6F00909225 /* CellView.swift */,
				393FD9ED21132B6F00909225 /* FulllscreenView.swift */,
				393FD9EE21132B6F00909225 /* LabelView.swift */,
			);
			path = FullscreenView;
			sourceTree = "<group>";
		};
		393FD9EF21132B6F00909225 /* BottomView */ = {
			isa = PBXGroup;
			children = (
				393FD9F021132B6F00909225 /* BottomView.swift */,
			);
			path = BottomView;
			sourceTree = "<group>";
		};
		393FD9F121132B6F00909225 /* Extensions */ = {
			isa = PBXGroup;
			children = (
				393FD9F221132B6F00909225 /* UIImage+gradient.swift */,
			);
			path = Extensions;
			sourceTree = "<group>";
		};
		393FD9F321132B6F00909225 /* Components */ = {
			isa = PBXGroup;
			children = (
				393FD9F421132B6F00909225 /* Label.swift */,
				393FD9F521132B6F00909225 /* PanDirectionGestureRecognizer.swift */,
			);
			path = Components;
			sourceTree = "<group>";
		};
/* End PBXGroup section */

/* Begin PBXHeadersBuildPhase section */
		393FD9CC21132AD000909225 /* Headers */ = {
			isa = PBXHeadersBuildPhase;
			buildActionMask = 2147483647;
			files = (
				393FD9F821132B6F00909225 /* NavigationToolbar.h in Headers */,
			);
			runOnlyForDeploymentPostprocessing = 0;
		};
/* End PBXHeadersBuildPhase section */

/* Begin PBXNativeTarget section */
		393FD9CE21132AD000909225 /* NavigationToolbar */ = {
			isa = PBXNativeTarget;
			buildConfigurationList = 393FD9D721132AD000909225 /* Build configuration list for PBXNativeTarget "NavigationToolbar" */;
			buildPhases = (
				393FD9CA21132AD000909225 /* Sources */,
				393FD9CB21132AD000909225 /* Frameworks */,
				393FD9CC21132AD000909225 /* Headers */,
				393FD9CD21132AD000909225 /* Resources */,
			);
			buildRules = (
			);
			dependencies = (
			);
			name = NavigationToolbar;
			productName = NavigationToolbar;
			productReference = 393FD9CF21132AD000909225 /* NavigationToolbar.framework */;
			productType = "com.apple.product-type.framework";
		};
/* End PBXNativeTarget section */

/* Begin PBXProject section */
		393FD9C621132AD000909225 /* Project object */ = {
			isa = PBXProject;
			attributes = {
				LastUpgradeCheck = 0940;
				ORGANIZATIONNAME = Ramotion;
				TargetAttributes = {
					393FD9CE21132AD000909225 = {
						CreatedOnToolsVersion = 9.4.1;
						LastSwiftMigration = 1010;
					};
				};
			};
			buildConfigurationList = 393FD9C921132AD000909225 /* Build configuration list for PBXProject "NavigationToolbar" */;
			compatibilityVersion = "Xcode 9.3";
			developmentRegion = en;
			hasScannedForEncodings = 0;
			knownRegions = (
				en,
			);
			mainGroup = 393FD9C521132AD000909225;
			productRefGroup = 393FD9D021132AD000909225 /* Products */;
			projectDirPath = "";
			projectRoot = "";
			targets = (
				393FD9CE21132AD000909225 /* NavigationToolbar */,
			);
		};
/* End PBXProject section */

/* Begin PBXResourcesBuildPhase section */
		393FD9CD21132AD000909225 /* Resources */ = {
			isa = PBXResourcesBuildPhase;
			buildActionMask = 2147483647;
			files = (
			);
			runOnlyForDeploymentPostprocessing = 0;
		};
/* End PBXResourcesBuildPhase section */

/* Begin PBXSourcesBuildPhase section */
		393FD9CA21132AD000909225 /* Sources */ = {
			isa = PBXSourcesBuildPhase;
			buildActionMask = 2147483647;
			files = (
				393FD9FD21132B6F00909225 /* TopViewCollectionLayout.swift in Sources */,
				393FD9FF21132B6F00909225 /* TopViewAnimators.swift in Sources */,
				393FDA0421132B6F00909225 /* BottomView.swift in Sources */,
				393FD9FA21132B6F00909225 /* ScreenObject.swift in Sources */,
				393FDA0521132B6F00909225 /* UIImage+gradient.swift in Sources */,
				393FDA0221132B6F00909225 /* FulllscreenView.swift in Sources */,
				393FDA0721132B6F00909225 /* PanDirectionGestureRecognizer.swift in Sources */,
				393FD9FC21132B6F00909225 /* TopViewCells.swift in Sources */,
				393FD9FE21132B6F00909225 /* SizingView.swift in Sources */,
				393FDA0821132B6F00909225 /* NavigationView.swift in Sources */,
				393FDA0321132B6F00909225 /* LabelView.swift in Sources */,
				393FDA0021132B6F00909225 /* TopView.swift in Sources */,
				393FD9F721132B6F00909225 /* Settings.swift in Sources */,
				393FDA0621132B6F00909225 /* Label.swift in Sources */,
				393FDA0121132B6F00909225 /* CellView.swift in Sources */,
			);
			runOnlyForDeploymentPostprocessing = 0;
		};
/* End PBXSourcesBuildPhase section */

/* Begin XCBuildConfiguration section */
		393FD9D521132AD000909225 /* Debug */ = {
			isa = XCBuildConfiguration;
			buildSettings = {
				ALWAYS_SEARCH_USER_PATHS = NO;
				CLANG_ANALYZER_NONNULL = YES;
				CLANG_ANALYZER_NUMBER_OBJECT_CONVERSION = YES_AGGRESSIVE;
				CLANG_CXX_LANGUAGE_STANDARD = "gnu++14";
				CLANG_CXX_LIBRARY = "libc++";
				CLANG_ENABLE_MODULES = YES;
				CLANG_ENABLE_OBJC_ARC = YES;
				CLANG_ENABLE_OBJC_WEAK = YES;
				CLANG_WARN_BLOCK_CAPTURE_AUTORELEASING = YES;
				CLANG_WARN_BOOL_CONVERSION = YES;
				CLANG_WARN_COMMA = YES;
				CLANG_WARN_CONSTANT_CONVERSION = YES;
				CLANG_WARN_DEPRECATED_OBJC_IMPLEMENTATIONS = YES;
				CLANG_WARN_DIRECT_OBJC_ISA_USAGE = YES_ERROR;
				CLANG_WARN_DOCUMENTATION_COMMENTS = YES;
				CLANG_WARN_EMPTY_BODY = YES;
				CLANG_WARN_ENUM_CONVERSION = YES;
				CLANG_WARN_INFINITE_RECURSION = YES;
				CLANG_WARN_INT_CONVERSION = YES;
				CLANG_WARN_NON_LITERAL_NULL_CONVERSION = YES;
				CLANG_WARN_OBJC_IMPLICIT_RETAIN_SELF = YES;
				CLANG_WARN_OBJC_LITERAL_CONVERSION = YES;
				CLANG_WARN_OBJC_ROOT_CLASS = YES_ERROR;
				CLANG_WARN_RANGE_LOOP_ANALYSIS = YES;
				CLANG_WARN_STRICT_PROTOTYPES = YES;
				CLANG_WARN_SUSPICIOUS_MOVE = YES;
				CLANG_WARN_UNGUARDED_AVAILABILITY = YES_AGGRESSIVE;
				CLANG_WARN_UNREACHABLE_CODE = YES;
				CLANG_WARN__DUPLICATE_METHOD_MATCH = YES;
				CODE_SIGN_IDENTITY = "iPhone Developer";
				COPY_PHASE_STRIP = NO;
				CURRENT_PROJECT_VERSION = 1;
				DEBUG_INFORMATION_FORMAT = dwarf;
				ENABLE_STRICT_OBJC_MSGSEND = YES;
				ENABLE_TESTABILITY = YES;
				GCC_C_LANGUAGE_STANDARD = gnu11;
				GCC_DYNAMIC_NO_PIC = NO;
				GCC_NO_COMMON_BLOCKS = YES;
				GCC_OPTIMIZATION_LEVEL = 0;
				GCC_PREPROCESSOR_DEFINITIONS = (
					"DEBUG=1",
					"$(inherited)",
				);
				GCC_WARN_64_TO_32_BIT_CONVERSION = YES;
				GCC_WARN_ABOUT_RETURN_TYPE = YES_ERROR;
				GCC_WARN_UNDECLARED_SELECTOR = YES;
				GCC_WARN_UNINITIALIZED_AUTOS = YES_AGGRESSIVE;
				GCC_WARN_UNUSED_FUNCTION = YES;
				GCC_WARN_UNUSED_VARIABLE = YES;
				IPHONEOS_DEPLOYMENT_TARGET = 11.4;
				MTL_ENABLE_DEBUG_INFO = YES;
				ONLY_ACTIVE_ARCH = YES;
				SDKROOT = iphoneos;
				SWIFT_ACTIVE_COMPILATION_CONDITIONS = DEBUG;
				SWIFT_OPTIMIZATION_LEVEL = "-Onone";
				VERSIONING_SYSTEM = "apple-generic";
				VERSION_INFO_PREFIX = "";
			};
			name = Debug;
		};
		393FD9D621132AD000909225 /* Release */ = {
			isa = XCBuildConfiguration;
			buildSettings = {
				ALWAYS_SEARCH_USER_PATHS = NO;
				CLANG_ANALYZER_NONNULL = YES;
				CLANG_ANALYZER_NUMBER_OBJECT_CONVERSION = YES_AGGRESSIVE;
				CLANG_CXX_LANGUAGE_STANDARD = "gnu++14";
				CLANG_CXX_LIBRARY = "libc++";
				CLANG_ENABLE_MODULES = YES;
				CLANG_ENABLE_OBJC_ARC = YES;
				CLANG_ENABLE_OBJC_WEAK = YES;
				CLANG_WARN_BLOCK_CAPTURE_AUTORELEASING = YES;
				CLANG_WARN_BOOL_CONVERSION = YES;
				CLANG_WARN_COMMA = YES;
				CLANG_WARN_CONSTANT_CONVERSION = YES;
				CLANG_WARN_DEPRECATED_OBJC_IMPLEMENTATIONS = YES;
				CLANG_WARN_DIRECT_OBJC_ISA_USAGE = YES_ERROR;
				CLANG_WARN_DOCUMENTATION_COMMENTS = YES;
				CLANG_WARN_EMPTY_BODY = YES;
				CLANG_WARN_ENUM_CONVERSION = YES;
				CLANG_WARN_INFINITE_RECURSION = YES;
				CLANG_WARN_INT_CONVERSION = YES;
				CLANG_WARN_NON_LITERAL_NULL_CONVERSION = YES;
				CLANG_WARN_OBJC_IMPLICIT_RETAIN_SELF = YES;
				CLANG_WARN_OBJC_LITERAL_CONVERSION = YES;
				CLANG_WARN_OBJC_ROOT_CLASS = YES_ERROR;
				CLANG_WARN_RANGE_LOOP_ANALYSIS = YES;
				CLANG_WARN_STRICT_PROTOTYPES = YES;
				CLANG_WARN_SUSPICIOUS_MOVE = YES;
				CLANG_WARN_UNGUARDED_AVAILABILITY = YES_AGGRESSIVE;
				CLANG_WARN_UNREACHABLE_CODE = YES;
				CLANG_WARN__DUPLICATE_METHOD_MATCH = YES;
				CODE_SIGN_IDENTITY = "iPhone Developer";
				COPY_PHASE_STRIP = NO;
				CURRENT_PROJECT_VERSION = 1;
				DEBUG_INFORMATION_FORMAT = "dwarf-with-dsym";
				ENABLE_NS_ASSERTIONS = NO;
				ENABLE_STRICT_OBJC_MSGSEND = YES;
				GCC_C_LANGUAGE_STANDARD = gnu11;
				GCC_NO_COMMON_BLOCKS = YES;
				GCC_WARN_64_TO_32_BIT_CONVERSION = YES;
				GCC_WARN_ABOUT_RETURN_TYPE = YES_ERROR;
				GCC_WARN_UNDECLARED_SELECTOR = YES;
				GCC_WARN_UNINITIALIZED_AUTOS = YES_AGGRESSIVE;
				GCC_WARN_UNUSED_FUNCTION = YES;
				GCC_WARN_UNUSED_VARIABLE = YES;
				IPHONEOS_DEPLOYMENT_TARGET = 11.4;
				MTL_ENABLE_DEBUG_INFO = NO;
				SDKROOT = iphoneos;
				SWIFT_COMPILATION_MODE = wholemodule;
				SWIFT_OPTIMIZATION_LEVEL = "-O";
				VALIDATE_PRODUCT = YES;
				VERSIONING_SYSTEM = "apple-generic";
				VERSION_INFO_PREFIX = "";
			};
			name = Release;
		};
		393FD9D821132AD000909225 /* Debug */ = {
			isa = XCBuildConfiguration;
			buildSettings = {
				CODE_SIGN_IDENTITY = "";
				CODE_SIGN_STYLE = Automatic;
				DEFINES_MODULE = YES;
				DEVELOPMENT_TEAM = 34MUF9YXTA;
				DYLIB_COMPATIBILITY_VERSION = 1;
				DYLIB_CURRENT_VERSION = 1;
				DYLIB_INSTALL_NAME_BASE = "@rpath";
				INFOPLIST_FILE = Sources/Info.plist;
				INSTALL_PATH = "$(LOCAL_LIBRARY_DIR)/Frameworks";
				LD_RUNPATH_SEARCH_PATHS = (
					"$(inherited)",
					"@executable_path/Frameworks",
					"@loader_path/Frameworks",
				);
				PRODUCT_BUNDLE_IDENTIFIER = com.ramotion.NavigationToolbar;
				PRODUCT_NAME = "$(TARGET_NAME:c99extidentifier)";
				SKIP_INSTALL = YES;
				SWIFT_VERSION = 4.2;
				TARGETED_DEVICE_FAMILY = "1,2";
			};
			name = Debug;
		};
		393FD9D921132AD000909225 /* Release */ = {
			isa = XCBuildConfiguration;
			buildSettings = {
				CODE_SIGN_IDENTITY = "";
				CODE_SIGN_STYLE = Automatic;
				DEFINES_MODULE = YES;
				DEVELOPMENT_TEAM = 34MUF9YXTA;
				DYLIB_COMPATIBILITY_VERSION = 1;
				DYLIB_CURRENT_VERSION = 1;
				DYLIB_INSTALL_NAME_BASE = "@rpath";
				INFOPLIST_FILE = Sources/Info.plist;
				INSTALL_PATH = "$(LOCAL_LIBRARY_DIR)/Frameworks";
				LD_RUNPATH_SEARCH_PATHS = (
					"$(inherited)",
					"@executable_path/Frameworks",
					"@loader_path/Frameworks",
				);
				PRODUCT_BUNDLE_IDENTIFIER = com.ramotion.NavigationToolbar;
				PRODUCT_NAME = "$(TARGET_NAME:c99extidentifier)";
				SKIP_INSTALL = YES;
				SWIFT_VERSION = 4.2;
				TARGETED_DEVICE_FAMILY = "1,2";
			};
			name = Release;
		};
/* End XCBuildConfiguration section */

/* Begin XCConfigurationList section */
		393FD9C921132AD000909225 /* Build configuration list for PBXProject "NavigationToolbar" */ = {
			isa = XCConfigurationList;
			buildConfigurations = (
				393FD9D521132AD000909225 /* Debug */,
				393FD9D621132AD000909225 /* Release */,
			);
			defaultConfigurationIsVisible = 0;
			defaultConfigurationName = Release;
		};
		393FD9D721132AD000909225 /* Build configuration list for PBXNativeTarget "NavigationToolbar" */ = {
			isa = XCConfigurationList;
			buildConfigurations = (
				393FD9D821132AD000909225 /* Debug */,
				393FD9D921132AD000909225 /* Release */,
			);
			defaultConfigurationIsVisible = 0;
			defaultConfigurationName = Release;
		};
/* End XCConfigurationList section */
	};
	rootObject = 393FD9C621132AD000909225 /* Project object */;
}
