// !$*UTF8*$!
{
	archiveVersion = 1;
	classes = {
	};
	objectVersion = 50;
	objects = {

/* Begin PBXBuildFile section */
		EE039E40209F442000B782E8 /* AnimationScalingView.swift in Sources */ = {isa = PBXBuildFile; fileRef = EE039E3F209F442000B782E8 /* AnimationScalingView.swift */; };
		EE3F86462097284A00CA5FFE /* TransitionCell.swift in Sources */ = {isa = PBXBuildFile; fileRef = EE3F86442097284A00CA5FFE /* TransitionCell.swift */; };
		EE7716D62096887600154F46 /* AnimationTransitionView.swift in Sources */ = {isa = PBXBuildFile; fileRef = EE7716D52096887600154F46 /* AnimationTransitionView.swift */; };
		EE7716D820968C1000154F46 /* AnimatedCollectionViewLayout.swift in Sources */ = {isa = PBXBuildFile; fileRef = EE7716D720968C1000154F46 /* AnimatedCollectionViewLayout.swift */; };
		EE7716DC20968C6F00154F46 /* Animators.swift in Sources */ = {isa = PBXBuildFile; fileRef = EE7716DB20968C6F00154F46 /* Animators.swift */; };
		EE8070AC209257A3006E5081 /* Settings.swift in Sources */ = {isa = PBXBuildFile; fileRef = EE8070AB209257A3006E5081 /* Settings.swift */; };
		EE870C4B20A040CE00077AB9 /* AnimationProgressButton.swift in Sources */ = {isa = PBXBuildFile; fileRef = EE870C4A20A040CE00077AB9 /* AnimationProgressButton.swift */; };
		EEB375632091E8DD00739E46 /* AnimationMiddleView.swift in Sources */ = {isa = PBXBuildFile; fileRef = EEB375622091E8DD00739E46 /* AnimationMiddleView.swift */; };
		EEB375652091EE3400739E46 /* AnimationBottomView.swift in Sources */ = {isa = PBXBuildFile; fileRef = EEB375642091EE3400739E46 /* AnimationBottomView.swift */; };
		EEB375682091EFE200739E46 /* DummyController.swift in Sources */ = {isa = PBXBuildFile; fileRef = EEB375672091EFE200739E46 /* DummyController.swift */; };
		EEB3756A2091EFEF00739E46 /* DummyCell.swift in Sources */ = {isa = PBXBuildFile; fileRef = EEB375692091EFEF00739E46 /* DummyCell.swift */; };
		EED44497208D2ABC00E5E011 /* CellView.swift in Sources */ = {isa = PBXBuildFile; fileRef = EED44496208D2ABC00E5E011 /* CellView.swift */; };
		EED44499208D2DDF00E5E011 /* Extensions.swift in Sources */ = {isa = PBXBuildFile; fileRef = EED44498208D2DDF00E5E011 /* Extensions.swift */; };
		EEE22AA420892D280078D155 /* AppDelegate.swift in Sources */ = {isa = PBXBuildFile; fileRef = EEE22AA320892D280078D155 /* AppDelegate.swift */; };
		EEE22AAB20892D2A0078D155 /* Assets.xcassets in Resources */ = {isa = PBXBuildFile; fileRef = EEE22AAA20892D2A0078D155 /* Assets.xcassets */; };
		EEE22AAE20892D2A0078D155 /* LaunchScreen.storyboard in Resources */ = {isa = PBXBuildFile; fileRef = EEE22AAC20892D2A0078D155 /* LaunchScreen.storyboard */; };
		EEE22AB620892D560078D155 /* AnimationController.swift in Sources */ = {isa = PBXBuildFile; fileRef = EEE22AB520892D560078D155 /* AnimationController.swift */; };
		EEE22AB820892D650078D155 /* NavigationToolbarView.swift in Sources */ = {isa = PBXBuildFile; fileRef = EEE22AB720892D650078D155 /* NavigationToolbarView.swift */; };
/* End PBXBuildFile section */

/* Begin PBXFileReference section */
		EE039E3F209F442000B782E8 /* AnimationScalingView.swift */ = {isa = PBXFileReference; lastKnownFileType = sourcecode.swift; path = AnimationScalingView.swift; sourceTree = "<group>"; };
		EE3F86442097284A00CA5FFE /* TransitionCell.swift */ = {isa = PBXFileReference; lastKnownFileType = sourcecode.swift; path = TransitionCell.swift; sourceTree = "<group>"; };
		EE7716D52096887600154F46 /* AnimationTransitionView.swift */ = {isa = PBXFileReference; lastKnownFileType = sourcecode.swift; path = AnimationTransitionView.swift; sourceTree = "<group>"; };
		EE7716D720968C1000154F46 /* AnimatedCollectionViewLayout.swift */ = {isa = PBXFileReference; fileEncoding = 4; lastKnownFileType = sourcecode.swift; path = AnimatedCollectionViewLayout.swift; sourceTree = "<group>"; };
		EE7716DB20968C6F00154F46 /* Animators.swift */ = {isa = PBXFileReference; fileEncoding = 4; lastKnownFileType = sourcecode.swift; path = Animators.swift; sourceTree = "<group>"; };
		EE8070AB209257A3006E5081 /* Settings.swift */ = {isa = PBXFileReference; lastKnownFileType = sourcecode.swift; path = Settings.swift; sourceTree = "<group>"; };
		EE870C4A20A040CE00077AB9 /* AnimationProgressButton.swift */ = {isa = PBXFileReference; lastKnownFileType = sourcecode.swift; path = AnimationProgressButton.swift; sourceTree = "<group>"; };
		EEB375622091E8DD00739E46 /* AnimationMiddleView.swift */ = {isa = PBXFileReference; lastKnownFileType = sourcecode.swift; path = AnimationMiddleView.swift; sourceTree = "<group>"; };
		EEB375642091EE3400739E46 /* AnimationBottomView.swift */ = {isa = PBXFileReference; lastKnownFileType = sourcecode.swift; path = AnimationBottomView.swift; sourceTree = "<group>"; };
		EEB375672091EFE200739E46 /* DummyController.swift */ = {isa = PBXFileReference; lastKnownFileType = sourcecode.swift; path = DummyController.swift; sourceTree = "<group>"; };
		EEB375692091EFEF00739E46 /* DummyCell.swift */ = {isa = PBXFileReference; lastKnownFileType = sourcecode.swift; path = DummyCell.swift; sourceTree = "<group>"; };
		EED44496208D2ABC00E5E011 /* CellView.swift */ = {isa = PBXFileReference; lastKnownFileType = sourcecode.swift; path = CellView.swift; sourceTree = "<group>"; };
		EED44498208D2DDF00E5E011 /* Extensions.swift */ = {isa = PBXFileReference; lastKnownFileType = sourcecode.swift; path = Extensions.swift; sourceTree = "<group>"; };
		EEE22AA020892D270078D155 /* Blocks.app */ = {isa = PBXFileReference; explicitFileType = wrapper.application; includeInIndex = 0; path = Blocks.app; sourceTree = BUILT_PRODUCTS_DIR; };
		EEE22AA320892D280078D155 /* AppDelegate.swift */ = {isa = PBXFileReference; lastKnownFileType = sourcecode.swift; path = AppDelegate.swift; sourceTree = "<group>"; };
		EEE22AAA20892D2A0078D155 /* Assets.xcassets */ = {isa = PBXFileReference; lastKnownFileType = folder.assetcatalog; path = Assets.xcassets; sourceTree = "<group>"; };
		EEE22AAD20892D2A0078D155 /* Base */ = {isa = PBXFileReference; lastKnownFileType = file.storyboard; name = Base; path = Base.lproj/LaunchScreen.storyboard; sourceTree = "<group>"; };
		EEE22AAF20892D2A0078D155 /* Info.plist */ = {isa = PBXFileReference; lastKnownFileType = text.plist.xml; path = Info.plist; sourceTree = "<group>"; };
		EEE22AB520892D560078D155 /* AnimationController.swift */ = {isa = PBXFileReference; lastKnownFileType = sourcecode.swift; path = AnimationController.swift; sourceTree = "<group>"; };
		EEE22AB720892D650078D155 /* NavigationToolbarView.swift */ = {isa = PBXFileReference; lastKnownFileType = sourcecode.swift; path = NavigationToolbarView.swift; sourceTree = "<group>"; };
/* End PBXFileReference section */

/* Begin PBXFrameworksBuildPhase section */
		EEE22A9D20892D270078D155 /* Frameworks */ = {
			isa = PBXFrameworksBuildPhase;
			buildActionMask = 2147483647;
			files = (
			);
			runOnlyForDeploymentPostprocessing = 0;
		};
/* End PBXFrameworksBuildPhase section */

/* Begin PBXGroup section */
		EEB375662091EFD100739E46 /* DummyController */ = {
			isa = PBXGroup;
			children = (
				EEB375672091EFE200739E46 /* DummyController.swift */,
				EEB375692091EFEF00739E46 /* DummyCell.swift */,
			);
			path = DummyController;
			sourceTree = "<group>";
		};
		EEE22A9720892D270078D155 = {
			isa = PBXGroup;
			children = (
				EEE22AA220892D270078D155 /* Blocks */,
				EEE22AA120892D270078D155 /* Products */,
			);
			sourceTree = "<group>";
		};
		EEE22AA120892D270078D155 /* Products */ = {
			isa = PBXGroup;
			children = (
				EEE22AA020892D270078D155 /* Blocks.app */,
			);
			name = Products;
			sourceTree = "<group>";
		};
		EEE22AA220892D270078D155 /* Blocks */ = {
			isa = PBXGroup;
			children = (
				EEB375662091EFD100739E46 /* DummyController */,
				EEE22AA320892D280078D155 /* AppDelegate.swift */,
				EEE22AB520892D560078D155 /* AnimationController.swift */,
				EEE22AB720892D650078D155 /* NavigationToolbarView.swift */,
				EE7716D52096887600154F46 /* AnimationTransitionView.swift */,
				EE039E3F209F442000B782E8 /* AnimationScalingView.swift */,
				EE870C4A20A040CE00077AB9 /* AnimationProgressButton.swift */,
				EE3F86442097284A00CA5FFE /* TransitionCell.swift */,
				EE7716D720968C1000154F46 /* AnimatedCollectionViewLayout.swift */,
				EE7716DB20968C6F00154F46 /* Animators.swift */,
				EEB375622091E8DD00739E46 /* AnimationMiddleView.swift */,
				EEB375642091EE3400739E46 /* AnimationBottomView.swift */,
				EED44496208D2ABC00E5E011 /* CellView.swift */,
				EED44498208D2DDF00E5E011 /* Extensions.swift */,
				EE8070AB209257A3006E5081 /* Settings.swift */,
				EEE22AAA20892D2A0078D155 /* Assets.xcassets */,
				EEE22AAC20892D2A0078D155 /* LaunchScreen.storyboard */,
				EEE22AAF20892D2A0078D155 /* Info.plist */,
			);
			path = Blocks;
			sourceTree = "<group>";
		};
/* End PBXGroup section */

/* Begin PBXNativeTarget section */
		EEE22A9F20892D270078D155 /* Blocks */ = {
			isa = PBXNativeTarget;
			buildConfigurationList = EEE22AB220892D2A0078D155 /* Build configuration list for PBXNativeTarget "Blocks" */;
			buildPhases = (
				EEE22A9C20892D270078D155 /* Sources */,
				EEE22A9D20892D270078D155 /* Frameworks */,
				EEE22A9E20892D270078D155 /* Resources */,
			);
			buildRules = (
			);
			dependencies = (
			);
			name = Blocks;
			productName = Blocks;
			productReference = EEE22AA020892D270078D155 /* Blocks.app */;
			productType = "com.apple.product-type.application";
		};
/* End PBXNativeTarget section */

/* Begin PBXProject section */
		EEE22A9820892D270078D155 /* Project object */ = {
			isa = PBXProject;
			attributes = {
				LastSwiftUpdateCheck = 0930;
				LastUpgradeCheck = 0930;
				ORGANIZATIONNAME = obozhdi;
				TargetAttributes = {
					EEE22A9F20892D270078D155 = {
						CreatedOnToolsVersion = 9.3;
					};
				};
			};
			buildConfigurationList = EEE22A9B20892D270078D155 /* Build configuration list for PBXProject "Blocks" */;
			compatibilityVersion = "Xcode 9.3";
			developmentRegion = en;
			hasScannedForEncodings = 0;
			knownRegions = (
				en,
				Base,
			);
			mainGroup = EEE22A9720892D270078D155;
			productRefGroup = EEE22AA120892D270078D155 /* Products */;
			projectDirPath = "";
			projectRoot = "";
			targets = (
				EEE22A9F20892D270078D155 /* Blocks */,
			);
		};
/* End PBXProject section */

/* Begin PBXResourcesBuildPhase section */
		EEE22A9E20892D270078D155 /* Resources */ = {
			isa = PBXResourcesBuildPhase;
			buildActionMask = 2147483647;
			files = (
				EEE22AAE20892D2A0078D155 /* LaunchScreen.storyboard in Resources */,
				EEE22AAB20892D2A0078D155 /* Assets.xcassets in Resources */,
			);
			runOnlyForDeploymentPostprocessing = 0;
		};
/* End PBXResourcesBuildPhase section */

/* Begin PBXSourcesBuildPhase section */
		EEE22A9C20892D270078D155 /* Sources */ = {
			isa = PBXSourcesBuildPhase;
			buildActionMask = 2147483647;
			files = (
				EE039E40209F442000B782E8 /* AnimationScalingView.swift in Sources */,
				EE7716D820968C1000154F46 /* AnimatedCollectionViewLayout.swift in Sources */,
				EED44499208D2DDF00E5E011 /* Extensions.swift in Sources */,
				EED44497208D2ABC00E5E011 /* CellView.swift in Sources */,
				EEE22AB820892D650078D155 /* NavigationToolbarView.swift in Sources */,
				EEE22AA420892D280078D155 /* AppDelegate.swift in Sources */,
				EE7716DC20968C6F00154F46 /* Animators.swift in Sources */,
				EEB375652091EE3400739E46 /* AnimationBottomView.swift in Sources */,
				EEB375632091E8DD00739E46 /* AnimationMiddleView.swift in Sources */,
				EE870C4B20A040CE00077AB9 /* AnimationProgressButton.swift in Sources */,
				EE3F86462097284A00CA5FFE /* TransitionCell.swift in Sources */,
				EE7716D62096887600154F46 /* AnimationTransitionView.swift in Sources */,
				EEB375682091EFE200739E46 /* DummyController.swift in Sources */,
				EEB3756A2091EFEF00739E46 /* DummyCell.swift in Sources */,
				EE8070AC209257A3006E5081 /* Settings.swift in Sources */,
				EEE22AB620892D560078D155 /* AnimationController.swift in Sources */,
			);
			runOnlyForDeploymentPostprocessing = 0;
		};
/* End PBXSourcesBuildPhase section */

/* Begin PBXVariantGroup section */
		EEE22AAC20892D2A0078D155 /* LaunchScreen.storyboard */ = {
			isa = PBXVariantGroup;
			children = (
				EEE22AAD20892D2A0078D155 /* Base */,
			);
			name = LaunchScreen.storyboard;
			sourceTree = "<group>";
		};
/* End PBXVariantGroup section */

/* Begin XCBuildConfiguration section */
		EEE22AB020892D2A0078D155 /* Debug */ = {
			isa = XCBuildConfiguration;
			buildSettings = {
				ALWAYS_SEARCH_USER_PATHS = NO;
				CLANG_ANALYZER_NONNULL = YES;
				CLANG_ANALYZER_NUMBER_OBJECT_CONVERSION = YES_AGGRESSIVE;
				CLANG_CXX_LANGUAGE_STANDARD = "gnu++14";
				CLANG_CXX_LIBRARY = "libc++";
				CLANG_ENABLE_MODULES = YES;
				CLANG_ENABLE_OBJC_ARC = YES;
				CLANG_ENABLE_OBJC_WEAK = YES;
				CLANG_WARN_BLOCK_CAPTURE_AUTORELEASING = YES;
				CLANG_WARN_BOOL_CONVERSION = YES;
				CLANG_WARN_COMMA = YES;
				CLANG_WARN_CONSTANT_CONVERSION = YES;
				CLANG_WARN_DEPRECATED_OBJC_IMPLEMENTATIONS = YES;
				CLANG_WARN_DIRECT_OBJC_ISA_USAGE = YES_ERROR;
				CLANG_WARN_DOCUMENTATION_COMMENTS = YES;
				CLANG_WARN_EMPTY_BODY = YES;
				CLANG_WARN_ENUM_CONVERSION = YES;
				CLANG_WARN_INFINITE_RECURSION = YES;
				CLANG_WARN_INT_CONVERSION = YES;
				CLANG_WARN_NON_LITERAL_NULL_CONVERSION = YES;
				CLANG_WARN_OBJC_IMPLICIT_RETAIN_SELF = YES;
				CLANG_WARN_OBJC_LITERAL_CONVERSION = YES;
				CLANG_WARN_OBJC_ROOT_CLASS = YES_ERROR;
				CLANG_WARN_RANGE_LOOP_ANALYSIS = YES;
				CLANG_WARN_STRICT_PROTOTYPES = YES;
				CLANG_WARN_SUSPICIOUS_MOVE = YES;
				CLANG_WARN_UNGUARDED_AVAILABILITY = YES_AGGRESSIVE;
				CLANG_WARN_UNREACHABLE_CODE = YES;
				CLANG_WARN__DUPLICATE_METHOD_MATCH = YES;
				CODE_SIGN_IDENTITY = "iPhone Developer";
				COPY_PHASE_STRIP = NO;
				DEBUG_INFORMATION_FORMAT = dwarf;
				ENABLE_STRICT_OBJC_MSGSEND = YES;
				ENABLE_TESTABILITY = YES;
				GCC_C_LANGUAGE_STANDARD = gnu11;
				GCC_DYNAMIC_NO_PIC = NO;
				GCC_NO_COMMON_BLOCKS = YES;
				GCC_OPTIMIZATION_LEVEL = 0;
				GCC_PREPROCESSOR_DEFINITIONS = (
					"DEBUG=1",
					"$(inherited)",
				);
				GCC_WARN_64_TO_32_BIT_CONVERSION = YES;
				GCC_WARN_ABOUT_RETURN_TYPE = YES_ERROR;
				GCC_WARN_UNDECLARED_SELECTOR = YES;
				GCC_WARN_UNINITIALIZED_AUTOS = YES_AGGRESSIVE;
				GCC_WARN_UNUSED_FUNCTION = YES;
				GCC_WARN_UNUSED_VARIABLE = YES;
				IPHONEOS_DEPLOYMENT_TARGET = 11.3;
				MTL_ENABLE_DEBUG_INFO = YES;
				ONLY_ACTIVE_ARCH = YES;
				SDKROOT = iphoneos;
				SWIFT_ACTIVE_COMPILATION_CONDITIONS = DEBUG;
				SWIFT_OPTIMIZATION_LEVEL = "-Onone";
			};
			name = Debug;
		};
		EEE22AB120892D2A0078D155 /* Release */ = {
			isa = XCBuildConfiguration;
			buildSettings = {
				ALWAYS_SEARCH_USER_PATHS = NO;
				CLANG_ANALYZER_NONNULL = YES;
				CLANG_ANALYZER_NUMBER_OBJECT_CONVERSION = YES_AGGRESSIVE;
				CLANG_CXX_LANGUAGE_STANDARD = "gnu++14";
				CLANG_CXX_LIBRARY = "libc++";
				CLANG_ENABLE_MODULES = YES;
				CLANG_ENABLE_OBJC_ARC = YES;
				CLANG_ENABLE_OBJC_WEAK = YES;
				CLANG_WARN_BLOCK_CAPTURE_AUTORELEASING = YES;
				CLANG_WARN_BOOL_CONVERSION = YES;
				CLANG_WARN_COMMA = YES;
				CLANG_WARN_CONSTANT_CONVERSION = YES;
				CLANG_WARN_DEPRECATED_OBJC_IMPLEMENTATIONS = YES;
				CLANG_WARN_DIRECT_OBJC_ISA_USAGE = YES_ERROR;
				CLANG_WARN_DOCUMENTATION_COMMENTS = YES;
				CLANG_WARN_EMPTY_BODY = YES;
				CLANG_WARN_ENUM_CONVERSION = YES;
				CLANG_WARN_INFINITE_RECURSION = YES;
				CLANG_WARN_INT_CONVERSION = YES;
				CLANG_WARN_NON_LITERAL_NULL_CONVERSION = YES;
				CLANG_WARN_OBJC_IMPLICIT_RETAIN_SELF = YES;
				CLANG_WARN_OBJC_LITERAL_CONVERSION = YES;
				CLANG_WARN_OBJC_ROOT_CLASS = YES_ERROR;
				CLANG_WARN_RANGE_LOOP_ANALYSIS = YES;
				CLANG_WARN_STRICT_PROTOTYPES = YES;
				CLANG_WARN_SUSPICIOUS_MOVE = YES;
				CLANG_WARN_UNGUARDED_AVAILABILITY = YES_AGGRESSIVE;
				CLANG_WARN_UNREACHABLE_CODE = YES;
				CLANG_WARN__DUPLICATE_METHOD_MATCH = YES;
				CODE_SIGN_IDENTITY = "iPhone Developer";
				COPY_PHASE_STRIP = NO;
				DEBUG_INFORMATION_FORMAT = "dwarf-with-dsym";
				ENABLE_NS_ASSERTIONS = NO;
				ENABLE_STRICT_OBJC_MSGSEND = YES;
				GCC_C_LANGUAGE_STANDARD = gnu11;
				GCC_NO_COMMON_BLOCKS = YES;
				GCC_WARN_64_TO_32_BIT_CONVERSION = YES;
				GCC_WARN_ABOUT_RETURN_TYPE = YES_ERROR;
				GCC_WARN_UNDECLARED_SELECTOR = YES;
				GCC_WARN_UNINITIALIZED_AUTOS = YES_AGGRESSIVE;
				GCC_WARN_UNUSED_FUNCTION = YES;
				GCC_WARN_UNUSED_VARIABLE = YES;
				IPHONEOS_DEPLOYMENT_TARGET = 11.3;
				MTL_ENABLE_DEBUG_INFO = NO;
				SDKROOT = iphoneos;
				SWIFT_COMPILATION_MODE = wholemodule;
				SWIFT_OPTIMIZATION_LEVEL = "-O";
				VALIDATE_PRODUCT = YES;
			};
			name = Release;
		};
		EEE22AB320892D2A0078D155 /* Debug */ = {
			isa = XCBuildConfiguration;
			buildSettings = {
				ASSETCATALOG_COMPILER_APPICON_NAME = AppIcon;
				CODE_SIGN_STYLE = Automatic;
				DEVELOPMENT_TEAM = 9DLF37G2J3;
				INFOPLIST_FILE = Blocks/Info.plist;
				IPHONEOS_DEPLOYMENT_TARGET = 10.0;
				LD_RUNPATH_SEARCH_PATHS = (
					"$(inherited)",
					"@executable_path/Frameworks",
				);
				PRODUCT_BUNDLE_IDENTIFIER = com.rm.nt;
				PRODUCT_NAME = "$(TARGET_NAME)";
				SWIFT_VERSION = 4.0;
				TARGETED_DEVICE_FAMILY = "1,2";
			};
			name = Debug;
		};
		EEE22AB420892D2A0078D155 /* Release */ = {
			isa = XCBuildConfiguration;
			buildSettings = {
				ASSETCATALOG_COMPILER_APPICON_NAME = AppIcon;
				CODE_SIGN_STYLE = Automatic;
				DEVELOPMENT_TEAM = 9DLF37G2J3;
				INFOPLIST_FILE = Blocks/Info.plist;
				IPHONEOS_DEPLOYMENT_TARGET = 10.0;
				LD_RUNPATH_SEARCH_PATHS = (
					"$(inherited)",
					"@executable_path/Frameworks",
				);
				PRODUCT_BUNDLE_IDENTIFIER = com.rm.nt;
				PRODUCT_NAME = "$(TARGET_NAME)";
				SWIFT_VERSION = 4.0;
				TARGETED_DEVICE_FAMILY = "1,2";
			};
			name = Release;
		};
/* End XCBuildConfiguration section */

/* Begin XCConfigurationList section */
		EEE22A9B20892D270078D155 /* Build configuration list for PBXProject "Blocks" */ = {
			isa = XCConfigurationList;
			buildConfigurations = (
				EEE22AB020892D2A0078D155 /* Debug */,
				EEE22AB120892D2A0078D155 /* Release */,
			);
			defaultConfigurationIsVisible = 0;
			defaultConfigurationName = Release;
		};
		EEE22AB220892D2A0078D155 /* Build configuration list for PBXNativeTarget "Blocks" */ = {
			isa = XCConfigurationList;
			buildConfigurations = (
				EEE22AB320892D2A0078D155 /* Debug */,
				EEE22AB420892D2A0078D155 /* Release */,
			);
			defaultConfigurationIsVisible = 0;
			defaultConfigurationName = Release;
		};
/* End XCConfigurationList section */
	};
	rootObject = EEE22A9820892D270078D155 /* Project object */;
}
